
Microsoft Visual Studio Solution File, Format Version 12.00
# Visual Studio 2013
VisualStudioVersion = 12.0.30501.0
MinimumVisualStudioVersion = 10.0.40219.1
Project("{888888A0-9F3D-457C-B088-3A5042F75D52}") = "scikit_learn_vs2013", "scikit_learn_vs2013\scikit_learn_vs2013.pyproj", "{D3DD0D48-7F5A-43B1-B07A-0DD969A15992}"
EndProject
Global
	GlobalSection(SolutionConfigurationPlatforms) = preSolution
		Debug|Any CPU = Debug|Any CPU
		Release|Any CPU = Release|Any CPU
	EndGlobalSection
	GlobalSection(ProjectConfigurationPlatforms) = postSolution
		{D3DD0D48-7F5A-43B1-B07A-0DD969A15992}.Debug|Any CPU.ActiveCfg = Debug|Any CPU
		{D3DD0D48-7F5A-43B1-B07A-0DD969A15992}.Release|Any CPU.ActiveCfg = Release|Any CPU
	EndGlobalSection
	GlobalSection(SolutionProperties) = preSolution
		HideSolutionNode = FALSE
	EndGlobalSection
EndGlobal
